
Microsoft Visual Studio Solution File, Format Version 12.00
# Visual Studio Version 16
VisualStudioVersion = 16.0.31727.386
MinimumVisualStudioVersion = 10.0.40219.1
Project("{9A19103F-16F7-4668-BE54-9A1E7A4F7556}") = "aspnetapp", "src\aspnetapp\aspnetapp.csproj", "{6E68A367-17EB-4D5E-BFC5-6107B5F1FDB2}"
EndProject
Project("{2150E333-8FDC-42A3-9474-1A3956D46DE8}") = "helm", "helm", "{86CCC022-4A9B-43EB-913D-2D2FD9F51D82}"
	ProjectSection(SolutionItems) = preProject
		helm\deployment.yaml = helm\deployment.yaml
		helm\service.yaml = helm\service.yaml
	EndProjectSection
EndProject
Project("{2150E333-8FDC-42A3-9474-1A3956D46DE8}") = "Solution Items", "Solution Items", "{FE0CD3EE-74A1-4E56-865B-0EE7E92537E3}"
	ProjectSection(SolutionItems) = preProject
		.dockerignore = .dockerignore
		.gitignore = .gitignore
		Dockerfile = Dockerfile
		LICENSE = LICENSE
		README.md = README.md
	EndProjectSection
EndProject
Global
	GlobalSection(SolutionConfigurationPlatforms) = preSolution
		Debug|Any CPU = Debug|Any CPU
		Release|Any CPU = Release|Any CPU
	EndGlobalSection
	GlobalSection(ProjectConfigurationPlatforms) = postSolution
		{6E68A367-17EB-4D5E-BFC5-6107B5F1FDB2}.Debug|Any CPU.ActiveCfg = Debug|Any CPU
		{6E68A367-17EB-4D5E-BFC5-6107B5F1FDB2}.Debug|Any CPU.Build.0 = Debug|Any CPU
		{6E68A367-17EB-4D5E-BFC5-6107B5F1FDB2}.Release|Any CPU.ActiveCfg = Release|Any CPU
		{6E68A367-17EB-4D5E-BFC5-6107B5F1FDB2}.Release|Any CPU.Build.0 = Release|Any CPU
	EndGlobalSection
	GlobalSection(SolutionProperties) = preSolution
		HideSolutionNode = FALSE
	EndGlobalSection
	GlobalSection(ExtensibilityGlobals) = postSolution
		SolutionGuid = {6D5685FE-7DE1-4139-9924-475DA8C3C8FD}
	EndGlobalSection
EndGlobal
